
Microsoft Visual Studio Solution File, Format Version 12.00
# Visual Studio Version 16
VisualStudioVersion = 16.0.30011.22
MinimumVisualStudioVersion = 10.0.40219.1
Project("{2150E333-8FDC-42A3-9474-1A3956D46DE8}") = "src", "src", "{B1460BD7-4CFF-48FD-8E15-5C661861BD33}"
EndProject
Project("{2150E333-8FDC-42A3-9474-1A3956D46DE8}") = "services", "services", "{3551E5F7-254B-4EB2-9B10-4B517578A36C}"
EndProject
Project("{9A19103F-16F7-4668-BE54-9A1E7A4F7556}") = "ProductCatalogAPI", "ProductCatalogAPI\ProductCatalogAPI.csproj", "{39D0FDC1-24B4-4A8F-A9A7-A426855D0FA0}"
EndProject
Project("{E53339B2-1760-4266-BCC7-CA923CBCF16C}") = "docker-compose", "docker-compose.dcproj", "{5140D836-7576-477B-8CDA-93CBC522480C}"
EndProject
Project("{2150E333-8FDC-42A3-9474-1A3956D46DE8}") = "web", "web", "{9977B33C-B5B1-47F8-93FC-6B33D6428415}"
EndProject
Project("{9A19103F-16F7-4668-BE54-9A1E7A4F7556}") = "WebMvc", "WebMvc\WebMvc.csproj", "{BA424D9E-C446-462B-9597-39500A6CA374}"
EndProject
Project("{9A19103F-16F7-4668-BE54-9A1E7A4F7556}") = "TokenServiceApi", "TokenServiceApi\TokenServiceApi.csproj", "{91FBED71-064B-49B6-B6BC-2B437DC80ECE}"
EndProject
Project("{FAE04EC0-301F-11D3-BF4B-00C04F79EFBC}") = "CartApi", "CartApi\CartApi.csproj", "{3D4902AD-2D1C-4844-98E2-1C3FEBC4E9EE}"
EndProject
Global
	GlobalSection(SolutionConfigurationPlatforms) = preSolution
		Debug|Any CPU = Debug|Any CPU
		Release|Any CPU = Release|Any CPU
	EndGlobalSection
	GlobalSection(ProjectConfigurationPlatforms) = postSolution
		{39D0FDC1-24B4-4A8F-A9A7-A426855D0FA0}.Debug|Any CPU.ActiveCfg = Debug|Any CPU
		{39D0FDC1-24B4-4A8F-A9A7-A426855D0FA0}.Debug|Any CPU.Build.0 = Debug|Any CPU
		{39D0FDC1-24B4-4A8F-A9A7-A426855D0FA0}.Release|Any CPU.ActiveCfg = Release|Any CPU
		{39D0FDC1-24B4-4A8F-A9A7-A426855D0FA0}.Release|Any CPU.Build.0 = Release|Any CPU
		{5140D836-7576-477B-8CDA-93CBC522480C}.Debug|Any CPU.ActiveCfg = Debug|Any CPU
		{5140D836-7576-477B-8CDA-93CBC522480C}.Debug|Any CPU.Build.0 = Debug|Any CPU
		{5140D836-7576-477B-8CDA-93CBC522480C}.Release|Any CPU.ActiveCfg = Release|Any CPU
		{5140D836-7576-477B-8CDA-93CBC522480C}.Release|Any CPU.Build.0 = Release|Any CPU
		{BA424D9E-C446-462B-9597-39500A6CA374}.Debug|Any CPU.ActiveCfg = Debug|Any CPU
		{BA424D9E-C446-462B-9597-39500A6CA374}.Debug|Any CPU.Build.0 = Debug|Any CPU
		{BA424D9E-C446-462B-9597-39500A6CA374}.Release|Any CPU.ActiveCfg = Release|Any CPU
		{BA424D9E-C446-462B-9597-39500A6CA374}.Release|Any CPU.Build.0 = Release|Any CPU
		{91FBED71-064B-49B6-B6BC-2B437DC80ECE}.Debug|Any CPU.ActiveCfg = Debug|Any CPU
		{91FBED71-064B-49B6-B6BC-2B437DC80ECE}.Debug|Any CPU.Build.0 = Debug|Any CPU
		{91FBED71-064B-49B6-B6BC-2B437DC80ECE}.Release|Any CPU.ActiveCfg = Release|Any CPU
		{91FBED71-064B-49B6-B6BC-2B437DC80ECE}.Release|Any CPU.Build.0 = Release|Any CPU
		{3D4902AD-2D1C-4844-98E2-1C3FEBC4E9EE}.Debug|Any CPU.ActiveCfg = Debug|Any CPU
		{3D4902AD-2D1C-4844-98E2-1C3FEBC4E9EE}.Debug|Any CPU.Build.0 = Debug|Any CPU
		{3D4902AD-2D1C-4844-98E2-1C3FEBC4E9EE}.Release|Any CPU.ActiveCfg = Release|Any CPU
		{3D4902AD-2D1C-4844-98E2-1C3FEBC4E9EE}.Release|Any CPU.Build.0 = Release|Any CPU
	EndGlobalSection
	GlobalSection(SolutionProperties) = preSolution
		HideSolutionNode = FALSE
	EndGlobalSection
	GlobalSection(NestedProjects) = preSolution
		{3551E5F7-254B-4EB2-9B10-4B517578A36C} = {B1460BD7-4CFF-48FD-8E15-5C661861BD33}
		{39D0FDC1-24B4-4A8F-A9A7-A426855D0FA0} = {3551E5F7-254B-4EB2-9B10-4B517578A36C}
		{9977B33C-B5B1-47F8-93FC-6B33D6428415} = {B1460BD7-4CFF-48FD-8E15-5C661861BD33}
		{BA424D9E-C446-462B-9597-39500A6CA374} = {9977B33C-B5B1-47F8-93FC-6B33D6428415}
		{91FBED71-064B-49B6-B6BC-2B437DC80ECE} = {3551E5F7-254B-4EB2-9B10-4B517578A36C}
		{3D4902AD-2D1C-4844-98E2-1C3FEBC4E9EE} = {3551E5F7-254B-4EB2-9B10-4B517578A36C}
	EndGlobalSection
	GlobalSection(ExtensibilityGlobals) = postSolution
		SolutionGuid = {4A36ED7B-1DE3-4764-A1CC-DD60A059844A}
	EndGlobalSection
EndGlobal
